
Microsoft Visual Studio Solution File, Format Version 12.00
# Visual Studio 15
VisualStudioVersion = 15.0.28010.2016
MinimumVisualStudioVersion = 10.0.40219.1
Project("{FAE04EC0-301F-11D3-BF4B-00C04F79EFBC}") = "Hardware_Information", "Hardware_Information\Hardware_Information.csproj", "{DFA26D43-498E-40F2-800A-0153268E1351}"
EndProject
Global
	GlobalSection(SolutionConfigurationPlatforms) = preSolution
		Debug|Any CPU = Debug|Any CPU
		Release|Any CPU = Release|Any CPU
	EndGlobalSection
	GlobalSection(ProjectConfigurationPlatforms) = postSolution
		{DFA26D43-498E-40F2-800A-0153268E1351}.Debug|Any CPU.ActiveCfg = Debug|Any CPU
		{DFA26D43-498E-40F2-800A-0153268E1351}.Debug|Any CPU.Build.0 = Debug|Any CPU
		{DFA26D43-498E-40F2-800A-0153268E1351}.Release|Any CPU.ActiveCfg = Release|Any CPU
		{DFA26D43-498E-40F2-800A-0153268E1351}.Release|Any CPU.Build.0 = Release|Any CPU
	EndGlobalSection
	GlobalSection(SolutionProperties) = preSolution
		HideSolutionNode = FALSE
	EndGlobalSection
	GlobalSection(ExtensibilityGlobals) = postSolution
		SolutionGuid = {7F480E06-1F0F-4D28-B7F2-B2DE1F4B3F14}
	EndGlobalSection
EndGlobal
